{
  "version": 4,
  "terraform_version": "0.13.4",
  "serial": 4,
  "lineage": "47712efd-d227-805a-3be0-351149adf4c0",
  "outputs": {
    "vpc_cidr": {
      "value": "10.0.0.0/16",
      "type": "string"
    }
  },
  "resources": [
    {
      "mode": "managed",
      "type": "aws_s3_access_point",
      "name": "mybucket",
      "provider": "provider[\"registry.terraform.io/hashicorp/aws\"]",
      "instances": []
    },
    {
      "mode": "managed",
      "type": "aws_vpc",
      "name": "my_vpc",
      "provider": "provider[\"registry.terraform.io/hashicorp/aws\"]",
      "instances": [
        {
          "schema_version": 1,
          "attributes": {
            "arn": "arn:aws:ec2:us-west-2:854573582471:vpc/vpc-05ce3e4b7313d4257",
            "assign_generated_ipv6_cidr_block": false,
            "cidr_block": "10.0.0.0/16",
            "default_network_acl_id": "acl-038fd8a1c205644d6",
            "default_route_table_id": "rtb-048c48ba56df81226",
            "default_security_group_id": "sg-0b215efee13ed0a30",
            "dhcp_options_id": "dopt-0680286bc78c9303d",
            "enable_classiclink": false,
            "enable_classiclink_dns_support": false,
            "enable_dns_hostnames": false,
            "enable_dns_support": true,
            "id": "vpc-05ce3e4b7313d4257",
            "instance_tenancy": "default",
            "ipv6_association_id": "",
            "ipv6_cidr_block": "",
            "main_route_table_id": "rtb-048c48ba56df81226",
            "owner_id": "854573582471",
            "tags": {
              "Environment": "Dev",
              "Location": "India",
              "Name": "main"
            }
          },
          "private": "eyJzY2hlbWFfdmVyc2lvbiI6IjEifQ=="
        }
      ]
    }
  ]
}
